{
    "name": "darkdev",
    "version": "4.0.4",
    "lockfileVersion": 3,
    "requires": true,
    "packages": {
        "": {
            "name": "darkdev",
            "version": "4.0.4",
            "license": "MIT",
            "engines": {
                "vscode": "^1.37.0"
            }
        }
    }
}
